<?xml version="1.0" encoding="utf-8"?>
<Project ToolsVersion="4.0" xmlns="http://schemas.microsoft.com/developer/msbuild/2003">
  <ItemGroup>
    <ClCompile Include="Source\Main.cpp" />
    <ClCompile Include="Source\Scenes\MenuScene.cpp" />
    <ClCompile Include="Source\Scenes\GameScene.cpp" />
  </ItemGroup>
  <ItemGroup>
    <ClInclude Include="Source\Scenes\MenuScene.hpp" />
    <ClInclude Include="Source\Scenes\GameScene.hpp" />
  </ItemGroup>
</Project>